
Microsoft Visual Studio Solution File, Format Version 12.00
# Visual Studio 15
VisualStudioVersion = 15.0.27130.2027
MinimumVisualStudioVersion = 10.0.40219.1
Project("{FAE04EC0-301F-11D3-BF4B-00C04F79EFBC}") = "MR2AdvancedViewer", "MR2AdvancedViewer\MR2AdvancedViewer.csproj", "{E3BC3A29-81CD-4525-8210-BCD89A03CF17}"
EndProject
Global
	GlobalSection(SolutionConfigurationPlatforms) = preSolution
		Debug|Any CPU = Debug|Any CPU
		Release|Any CPU = Release|Any CPU
	EndGlobalSection
	GlobalSection(ProjectConfigurationPlatforms) = postSolution
		{E3BC3A29-81CD-4525-8210-BCD89A03CF17}.Debug|Any CPU.ActiveCfg = Debug|Any CPU
		{E3BC3A29-81CD-4525-8210-BCD89A03CF17}.Debug|Any CPU.Build.0 = Debug|Any CPU
		{E3BC3A29-81CD-4525-8210-BCD89A03CF17}.Release|Any CPU.ActiveCfg = Release|Any CPU
		{E3BC3A29-81CD-4525-8210-BCD89A03CF17}.Release|Any CPU.Build.0 = Release|Any CPU
	EndGlobalSection
	GlobalSection(SolutionProperties) = preSolution
		HideSolutionNode = FALSE
	EndGlobalSection
	GlobalSection(ExtensibilityGlobals) = postSolution
		SolutionGuid = {730FD9A3-88B0-429B-892B-07D5ABA9B15E}
	EndGlobalSection
EndGlobal
